
Microsoft Visual Studio Solution File, Format Version 11.00
# Visual Studio 2010
Project("{FAE04EC0-301F-11D3-BF4B-00C04F79EFBC}") = "slipperysnake", "Assembly-CSharp.csproj", "{DBC9B374-21DF-D0FC-7B6A-7DC7DADF86BB}"
EndProject
Project("{FAE04EC0-301F-11D3-BF4B-00C04F79EFBC}") = "slipperysnake", "Assembly-CSharp-Editor.csproj", "{E5D7494B-4EE0-29AD-7138-DCDA3BA2A8EF}"
EndProject
Global
	GlobalSection(SolutionConfigurationPlatforms) = preSolution
		Debug|Any CPU = Debug|Any CPU
		Release|Any CPU = Release|Any CPU
	EndGlobalSection
	GlobalSection(ProjectConfigurationPlatforms) = postSolution
		{DBC9B374-21DF-D0FC-7B6A-7DC7DADF86BB}.Debug|Any CPU.ActiveCfg = Debug|Any CPU
		{DBC9B374-21DF-D0FC-7B6A-7DC7DADF86BB}.Debug|Any CPU.Build.0 = Debug|Any CPU
		{DBC9B374-21DF-D0FC-7B6A-7DC7DADF86BB}.Release|Any CPU.ActiveCfg = Release|Any CPU
		{DBC9B374-21DF-D0FC-7B6A-7DC7DADF86BB}.Release|Any CPU.Build.0 = Release|Any CPU
		{E5D7494B-4EE0-29AD-7138-DCDA3BA2A8EF}.Debug|Any CPU.ActiveCfg = Debug|Any CPU
		{E5D7494B-4EE0-29AD-7138-DCDA3BA2A8EF}.Debug|Any CPU.Build.0 = Debug|Any CPU
		{E5D7494B-4EE0-29AD-7138-DCDA3BA2A8EF}.Release|Any CPU.ActiveCfg = Release|Any CPU
		{E5D7494B-4EE0-29AD-7138-DCDA3BA2A8EF}.Release|Any CPU.Build.0 = Release|Any CPU
	EndGlobalSection
	GlobalSection(SolutionProperties) = preSolution
		HideSolutionNode = FALSE
	EndGlobalSection
	GlobalSection(MonoDevelopProperties) = preSolution
		StartupItem = Assembly-CSharp.csproj
	EndGlobalSection
EndGlobal
